// !$*UTF8*$!
{
	archiveVersion = 1;
	classes = {
	};
	objectVersion = 50;
	objects = {

/* Begin PBXBuildFile section */
		66E2C3BE21FD5D5A004DCA0B /* AppDelegate.swift in Sources */ = {isa = PBXBuildFile; fileRef = 66E2C3BD21FD5D5A004DCA0B /* AppDelegate.swift */; };
		66E2C3C021FD5D5A004DCA0B /* ViewController.swift in Sources */ = {isa = PBXBuildFile; fileRef = 66E2C3BF21FD5D5A004DCA0B /* ViewController.swift */; };
		66E2C3C321FD5D5A004DCA0B /* Main.storyboard in Resources */ = {isa = PBXBuildFile; fileRef = 66E2C3C121FD5D5A004DCA0B /* Main.storyboard */; };
		66E2C3C521FD5D60004DCA0B /* Assets.xcassets in Resources */ = {isa = PBXBuildFile; fileRef = 66E2C3C421FD5D60004DCA0B /* Assets.xcassets */; };
		66E2C3C821FD5D60004DCA0B /* LaunchScreen.storyboard in Resources */ = {isa = PBXBuildFile; fileRef = 66E2C3C621FD5D60004DCA0B /* LaunchScreen.storyboard */; };
		66E2C3D321FD5D60004DCA0B /* Tip_CalculatorTests.swift in Sources */ = {isa = PBXBuildFile; fileRef = 66E2C3D221FD5D60004DCA0B /* Tip_CalculatorTests.swift */; };
		66E2C3DE21FD5D60004DCA0B /* Tip_CalculatorUITests.swift in Sources */ = {isa = PBXBuildFile; fileRef = 66E2C3DD21FD5D60004DCA0B /* Tip_CalculatorUITests.swift */; };
/* End PBXBuildFile section */

/* Begin PBXContainerItemProxy section */
		66E2C3CF21FD5D60004DCA0B /* PBXContainerItemProxy */ = {
			isa = PBXContainerItemProxy;
			containerPortal = 66E2C3B221FD5D5A004DCA0B /* Project object */;
			proxyType = 1;
			remoteGlobalIDString = 66E2C3B921FD5D5A004DCA0B;
			remoteInfo = "Tip Calculator";
		};
		66E2C3DA21FD5D60004DCA0B /* PBXContainerItemProxy */ = {
			isa = PBXContainerItemProxy;
			containerPortal = 66E2C3B221FD5D5A004DCA0B /* Project object */;
			proxyType = 1;
			remoteGlobalIDString = 66E2C3B921FD5D5A004DCA0B;
			remoteInfo = "Tip Calculator";
		};
/* End PBXContainerItemProxy section */

/* Begin PBXFileReference section */
		66E2C3BA21FD5D5A004DCA0B /* Tip Calculator.app */ = {isa = PBXFileReference; explicitFileType = wrapper.application; includeInIndex = 0; path = "Tip Calculator.app"; sourceTree = BUILT_PRODUCTS_DIR; };
		66E2C3BD21FD5D5A004DCA0B /* AppDelegate.swift */ = {isa = PBXFileReference; lastKnownFileType = sourcecode.swift; path = AppDelegate.swift; sourceTree = "<group>"; };
		66E2C3BF21FD5D5A004DCA0B /* ViewController.swift */ = {isa = PBXFileReference; lastKnownFileType = sourcecode.swift; path = ViewController.swift; sourceTree = "<group>"; };
		66E2C3C221FD5D5A004DCA0B /* Base */ = {isa = PBXFileReference; lastKnownFileType = file.storyboard; name = Base; path = Base.lproj/Main.storyboard; sourceTree = "<group>"; };
		66E2C3C421FD5D60004DCA0B /* Assets.xcassets */ = {isa = PBXFileReference; lastKnownFileType = folder.assetcatalog; path = Assets.xcassets; sourceTree = "<group>"; };
		66E2C3C721FD5D60004DCA0B /* Base */ = {isa = PBXFileReference; lastKnownFileType = file.storyboard; name = Base; path = Base.lproj/LaunchScreen.storyboard; sourceTree = "<group>"; };
		66E2C3C921FD5D60004DCA0B /* Info.plist */ = {isa = PBXFileReference; lastKnownFileType = text.plist.xml; path = Info.plist; sourceTree = "<group>"; };
		66E2C3CE21FD5D60004DCA0B /* Tip CalculatorTests.xctest */ = {isa = PBXFileReference; explicitFileType = wrapper.cfbundle; includeInIndex = 0; path = "Tip CalculatorTests.xctest"; sourceTree = BUILT_PRODUCTS_DIR; };
		66E2C3D221FD5D60004DCA0B /* Tip_CalculatorTests.swift */ = {isa = PBXFileReference; lastKnownFileType = sourcecode.swift; path = Tip_CalculatorTests.swift; sourceTree = "<group>"; };
		66E2C3D421FD5D60004DCA0B /* Info.plist */ = {isa = PBXFileReference; lastKnownFileType = text.plist.xml; path = Info.plist; sourceTree = "<group>"; };
		66E2C3D921FD5D60004DCA0B /* Tip CalculatorUITests.xctest */ = {isa = PBXFileReference; explicitFileType = wrapper.cfbundle; includeInIndex = 0; path = "Tip CalculatorUITests.xctest"; sourceTree = BUILT_PRODUCTS_DIR; };
		66E2C3DD21FD5D60004DCA0B /* Tip_CalculatorUITests.swift */ = {isa = PBXFileReference; lastKnownFileType = sourcecode.swift; path = Tip_CalculatorUITests.swift; sourceTree = "<group>"; };
		66E2C3DF21FD5D60004DCA0B /* Info.plist */ = {isa = PBXFileReference; lastKnownFileType = text.plist.xml; path = Info.plist; sourceTree = "<group>"; };
/* End PBXFileReference section */

/* Begin PBXFrameworksBuildPhase section */
		66E2C3B721FD5D5A004DCA0B /* Frameworks */ = {
			isa = PBXFrameworksBuildPhase;
			buildActionMask = 2147483647;
			files = (
			);
			runOnlyForDeploymentPostprocessing = 0;
		};
		66E2C3CB21FD5D60004DCA0B /* Frameworks */ = {
			isa = PBXFrameworksBuildPhase;
			buildActionMask = 2147483647;
			files = (
			);
			runOnlyForDeploymentPostprocessing = 0;
		};
		66E2C3D621FD5D60004DCA0B /* Frameworks */ = {
			isa = PBXFrameworksBuildPhase;
			buildActionMask = 2147483647;
			files = (
			);
			runOnlyForDeploymentPostprocessing = 0;
		};
/* End PBXFrameworksBuildPhase section */

/* Begin PBXGroup section */
		66E2C3B121FD5D5A004DCA0B = {
			isa = PBXGroup;
			children = (
				66E2C3BC21FD5D5A004DCA0B /* Tip Calculator */,
				66E2C3D121FD5D60004DCA0B /* Tip CalculatorTests */,
				66E2C3DC21FD5D60004DCA0B /* Tip CalculatorUITests */,
				66E2C3BB21FD5D5A004DCA0B /* Products */,
			);
			sourceTree = "<group>";
		};
		66E2C3BB21FD5D5A004DCA0B /* Products */ = {
			isa = PBXGroup;
			children = (
				66E2C3BA21FD5D5A004DCA0B /* Tip Calculator.app */,
				66E2C3CE21FD5D60004DCA0B /* Tip CalculatorTests.xctest */,
				66E2C3D921FD5D60004DCA0B /* Tip CalculatorUITests.xctest */,
			);
			name = Products;
			sourceTree = "<group>";
		};
		66E2C3BC21FD5D5A004DCA0B /* Tip Calculator */ = {
			isa = PBXGroup;
			children = (
				66E2C3BD21FD5D5A004DCA0B /* AppDelegate.swift */,
				66E2C3BF21FD5D5A004DCA0B /* ViewController.swift */,
				66E2C3C121FD5D5A004DCA0B /* Main.storyboard */,
				66E2C3C421FD5D60004DCA0B /* Assets.xcassets */,
				66E2C3C621FD5D60004DCA0B /* LaunchScreen.storyboard */,
				66E2C3C921FD5D60004DCA0B /* Info.plist */,
			);
			path = "Tip Calculator";
			sourceTree = "<group>";
		};
		66E2C3D121FD5D60004DCA0B /* Tip CalculatorTests */ = {
			isa = PBXGroup;
			children = (
				66E2C3D221FD5D60004DCA0B /* Tip_CalculatorTests.swift */,
				66E2C3D421FD5D60004DCA0B /* Info.plist */,
			);
			path = "Tip CalculatorTests";
			sourceTree = "<group>";
		};
		66E2C3DC21FD5D60004DCA0B /* Tip CalculatorUITests */ = {
			isa = PBXGroup;
			children = (
				66E2C3DD21FD5D60004DCA0B /* Tip_CalculatorUITests.swift */,
				66E2C3DF21FD5D60004DCA0B /* Info.plist */,
			);
			path = "Tip CalculatorUITests";
			sourceTree = "<group>";
		};
/* End PBXGroup section */

/* Begin PBXNativeTarget section */
		66E2C3B921FD5D5A004DCA0B /* Tip Calculator */ = {
			isa = PBXNativeTarget;
			buildConfigurationList = 66E2C3E221FD5D60004DCA0B /* Build configuration list for PBXNativeTarget "Tip Calculator" */;
			buildPhases = (
				66E2C3B621FD5D5A004DCA0B /* Sources */,
				66E2C3B721FD5D5A004DCA0B /* Frameworks */,
				66E2C3B821FD5D5A004DCA0B /* Resources */,
			);
			buildRules = (
			);
			dependencies = (
			);
			name = "Tip Calculator";
			productName = "Tip Calculator";
			productReference = 66E2C3BA21FD5D5A004DCA0B /* Tip Calculator.app */;
			productType = "com.apple.product-type.application";
		};
		66E2C3CD21FD5D60004DCA0B /* Tip CalculatorTests */ = {
			isa = PBXNativeTarget;
			buildConfigurationList = 66E2C3E521FD5D60004DCA0B /* Build configuration list for PBXNativeTarget "Tip CalculatorTests" */;
			buildPhases = (
				66E2C3CA21FD5D60004DCA0B /* Sources */,
				66E2C3CB21FD5D60004DCA0B /* Frameworks */,
				66E2C3CC21FD5D60004DCA0B /* Resources */,
			);
			buildRules = (
			);
			dependencies = (
				66E2C3D021FD5D60004DCA0B /* PBXTargetDependency */,
			);
			name = "Tip CalculatorTests";
			productName = "Tip CalculatorTests";
			productReference = 66E2C3CE21FD5D60004DCA0B /* Tip CalculatorTests.xctest */;
			productType = "com.apple.product-type.bundle.unit-test";
		};
		66E2C3D821FD5D60004DCA0B /* Tip CalculatorUITests */ = {
			isa = PBXNativeTarget;
			buildConfigurationList = 66E2C3E821FD5D60004DCA0B /* Build configuration list for PBXNativeTarget "Tip CalculatorUITests" */;
			buildPhases = (
				66E2C3D521FD5D60004DCA0B /* Sources */,
				66E2C3D621FD5D60004DCA0B /* Frameworks */,
				66E2C3D721FD5D60004DCA0B /* Resources */,
			);
			buildRules = (
			);
			dependencies = (
				66E2C3DB21FD5D60004DCA0B /* PBXTargetDependency */,
			);
			name = "Tip CalculatorUITests";
			productName = "Tip CalculatorUITests";
			productReference = 66E2C3D921FD5D60004DCA0B /* Tip CalculatorUITests.xctest */;
			productType = "com.apple.product-type.bundle.ui-testing";
		};
/* End PBXNativeTarget section */

/* Begin PBXProject section */
		66E2C3B221FD5D5A004DCA0B /* Project object */ = {
			isa = PBXProject;
			attributes = {
				LastSwiftUpdateCheck = 1010;
				LastUpgradeCheck = 1010;
				ORGANIZATIONNAME = Baruch;
				TargetAttributes = {
					66E2C3B921FD5D5A004DCA0B = {
						CreatedOnToolsVersion = 10.1;
					};
					66E2C3CD21FD5D60004DCA0B = {
						CreatedOnToolsVersion = 10.1;
						TestTargetID = 66E2C3B921FD5D5A004DCA0B;
					};
					66E2C3D821FD5D60004DCA0B = {
						CreatedOnToolsVersion = 10.1;
						TestTargetID = 66E2C3B921FD5D5A004DCA0B;
					};
				};
			};
			buildConfigurationList = 66E2C3B521FD5D5A004DCA0B /* Build configuration list for PBXProject "Tip Calculator" */;
			compatibilityVersion = "Xcode 9.3";
			developmentRegion = en;
			hasScannedForEncodings = 0;
			knownRegions = (
				en,
				Base,
			);
			mainGroup = 66E2C3B121FD5D5A004DCA0B;
			productRefGroup = 66E2C3BB21FD5D5A004DCA0B /* Products */;
			projectDirPath = "";
			projectRoot = "";
			targets = (
				66E2C3B921FD5D5A004DCA0B /* Tip Calculator */,
				66E2C3CD21FD5D60004DCA0B /* Tip CalculatorTests */,
				66E2C3D821FD5D60004DCA0B /* Tip CalculatorUITests */,
			);
		};
/* End PBXProject section */

/* Begin PBXResourcesBuildPhase section */
		66E2C3B821FD5D5A004DCA0B /* Resources */ = {
			isa = PBXResourcesBuildPhase;
			buildActionMask = 2147483647;
			files = (
				66E2C3C821FD5D60004DCA0B /* LaunchScreen.storyboard in Resources */,
				66E2C3C521FD5D60004DCA0B /* Assets.xcassets in Resources */,
				66E2C3C321FD5D5A004DCA0B /* Main.storyboard in Resources */,
			);
			runOnlyForDeploymentPostprocessing = 0;
		};
		66E2C3CC21FD5D60004DCA0B /* Resources */ = {
			isa = PBXResourcesBuildPhase;
			buildActionMask = 2147483647;
			files = (
			);
			runOnlyForDeploymentPostprocessing = 0;
		};
		66E2C3D721FD5D60004DCA0B /* Resources */ = {
			isa = PBXResourcesBuildPhase;
			buildActionMask = 2147483647;
			files = (
			);
			runOnlyForDeploymentPostprocessing = 0;
		};
/* End PBXResourcesBuildPhase section */

/* Begin PBXSourcesBuildPhase section */
		66E2C3B621FD5D5A004DCA0B /* Sources */ = {
			isa = PBXSourcesBuildPhase;
			buildActionMask = 2147483647;
			files = (
				66E2C3C021FD5D5A004DCA0B /* ViewController.swift in Sources */,
				66E2C3BE21FD5D5A004DCA0B /* AppDelegate.swift in Sources */,
			);
			runOnlyForDeploymentPostprocessing = 0;
		};
		66E2C3CA21FD5D60004DCA0B /* Sources */ = {
			isa = PBXSourcesBuildPhase;
			buildActionMask = 2147483647;
			files = (
				66E2C3D321FD5D60004DCA0B /* Tip_CalculatorTests.swift in Sources */,
			);
			runOnlyForDeploymentPostprocessing = 0;
		};
		66E2C3D521FD5D60004DCA0B /* Sources */ = {
			isa = PBXSourcesBuildPhase;
			buildActionMask = 2147483647;
			files = (
				66E2C3DE21FD5D60004DCA0B /* Tip_CalculatorUITests.swift in Sources */,
			);
			runOnlyForDeploymentPostprocessing = 0;
		};
/* End PBXSourcesBuildPhase section */

/* Begin PBXTargetDependency section */
		66E2C3D021FD5D60004DCA0B /* PBXTargetDependency */ = {
			isa = PBXTargetDependency;
			target = 66E2C3B921FD5D5A004DCA0B /* Tip Calculator */;
			targetProxy = 66E2C3CF21FD5D60004DCA0B /* PBXContainerItemProxy */;
		};
		66E2C3DB21FD5D60004DCA0B /* PBXTargetDependency */ = {
			isa = PBXTargetDependency;
			target = 66E2C3B921FD5D5A004DCA0B /* Tip Calculator */;
			targetProxy = 66E2C3DA21FD5D60004DCA0B /* PBXContainerItemProxy */;
		};
/* End PBXTargetDependency section */

/* Begin PBXVariantGroup section */
		66E2C3C121FD5D5A004DCA0B /* Main.storyboard */ = {
			isa = PBXVariantGroup;
			children = (
				66E2C3C221FD5D5A004DCA0B /* Base */,
			);
			name = Main.storyboard;
			sourceTree = "<group>";
		};
		66E2C3C621FD5D60004DCA0B /* LaunchScreen.storyboard */ = {
			isa = PBXVariantGroup;
			children = (
				66E2C3C721FD5D60004DCA0B /* Base */,
			);
			name = LaunchScreen.storyboard;
			sourceTree = "<group>";
		};
/* End PBXVariantGroup section */

/* Begin XCBuildConfiguration section */
		66E2C3E021FD5D60004DCA0B /* Debug */ = {
			isa = XCBuildConfiguration;
			buildSettings = {
				ALWAYS_SEARCH_USER_PATHS = NO;
				CLANG_ANALYZER_NONNULL = YES;
				CLANG_ANALYZER_NUMBER_OBJECT_CONVERSION = YES_AGGRESSIVE;
				CLANG_CXX_LANGUAGE_STANDARD = "gnu++14";
				CLANG_CXX_LIBRARY = "libc++";
				CLANG_ENABLE_MODULES = YES;
				CLANG_ENABLE_OBJC_ARC = YES;
				CLANG_ENABLE_OBJC_WEAK = YES;
				CLANG_WARN_BLOCK_CAPTURE_AUTORELEASING = YES;
				CLANG_WARN_BOOL_CONVERSION = YES;
				CLANG_WARN_COMMA = YES;
				CLANG_WARN_CONSTANT_CONVERSION = YES;
				CLANG_WARN_DEPRECATED_OBJC_IMPLEMENTATIONS = YES;
				CLANG_WARN_DIRECT_OBJC_ISA_USAGE = YES_ERROR;
				CLANG_WARN_DOCUMENTATION_COMMENTS = YES;
				CLANG_WARN_EMPTY_BODY = YES;
				CLANG_WARN_ENUM_CONVERSION = YES;
				CLANG_WARN_INFINITE_RECURSION = YES;
				CLANG_WARN_INT_CONVERSION = YES;
				CLANG_WARN_NON_LITERAL_NULL_CONVERSION = YES;
				CLANG_WARN_OBJC_IMPLICIT_RETAIN_SELF = YES;
				CLANG_WARN_OBJC_LITERAL_CONVERSION = YES;
				CLANG_WARN_OBJC_ROOT_CLASS = YES_ERROR;
				CLANG_WARN_RANGE_LOOP_ANALYSIS = YES;
				CLANG_WARN_STRICT_PROTOTYPES = YES;
				CLANG_WARN_SUSPICIOUS_MOVE = YES;
				CLANG_WARN_UNGUARDED_AVAILABILITY = YES_AGGRESSIVE;
				CLANG_WARN_UNREACHABLE_CODE = YES;
				CLANG_WARN__DUPLICATE_METHOD_MATCH = YES;
				CODE_SIGN_IDENTITY = "iPhone Developer";
				COPY_PHASE_STRIP = NO;
				DEBUG_INFORMATION_FORMAT = dwarf;
				ENABLE_STRICT_OBJC_MSGSEND = YES;
				ENABLE_TESTABILITY = YES;
				GCC_C_LANGUAGE_STANDARD = gnu11;
				GCC_DYNAMIC_NO_PIC = NO;
				GCC_NO_COMMON_BLOCKS = YES;
				GCC_OPTIMIZATION_LEVEL = 0;
				GCC_PREPROCESSOR_DEFINITIONS = (
					"DEBUG=1",
					"$(inherited)",
				);
				GCC_WARN_64_TO_32_BIT_CONVERSION = YES;
				GCC_WARN_ABOUT_RETURN_TYPE = YES_ERROR;
				GCC_WARN_UNDECLARED_SELECTOR = YES;
				GCC_WARN_UNINITIALIZED_AUTOS = YES_AGGRESSIVE;
				GCC_WARN_UNUSED_FUNCTION = YES;
				GCC_WARN_UNUSED_VARIABLE = YES;
				IPHONEOS_DEPLOYMENT_TARGET = 12.1;
				MTL_ENABLE_DEBUG_INFO = INCLUDE_SOURCE;
				MTL_FAST_MATH = YES;
				ONLY_ACTIVE_ARCH = YES;
				SDKROOT = iphoneos;
				SWIFT_ACTIVE_COMPILATION_CONDITIONS = DEBUG;
				SWIFT_OPTIMIZATION_LEVEL = "-Onone";
			};
			name = Debug;
		};
		66E2C3E121FD5D60004DCA0B /* Release */ = {
			isa = XCBuildConfiguration;
			buildSettings = {
				ALWAYS_SEARCH_USER_PATHS = NO;
				CLANG_ANALYZER_NONNULL = YES;
				CLANG_ANALYZER_NUMBER_OBJECT_CONVERSION = YES_AGGRESSIVE;
				CLANG_CXX_LANGUAGE_STANDARD = "gnu++14";
				CLANG_CXX_LIBRARY = "libc++";
				CLANG_ENABLE_MODULES = YES;
				CLANG_ENABLE_OBJC_ARC = YES;
				CLANG_ENABLE_OBJC_WEAK = YES;
				CLANG_WARN_BLOCK_CAPTURE_AUTORELEASING = YES;
				CLANG_WARN_BOOL_CONVERSION = YES;
				CLANG_WARN_COMMA = YES;
				CLANG_WARN_CONSTANT_CONVERSION = YES;
				CLANG_WARN_DEPRECATED_OBJC_IMPLEMENTATIONS = YES;
				CLANG_WARN_DIRECT_OBJC_ISA_USAGE = YES_ERROR;
				CLANG_WARN_DOCUMENTATION_COMMENTS = YES;
				CLANG_WARN_EMPTY_BODY = YES;
				CLANG_WARN_ENUM_CONVERSION = YES;
				CLANG_WARN_INFINITE_RECURSION = YES;
				CLANG_WARN_INT_CONVERSION = YES;
				CLANG_WARN_NON_LITERAL_NULL_CONVERSION = YES;
				CLANG_WARN_OBJC_IMPLICIT_RETAIN_SELF = YES;
				CLANG_WARN_OBJC_LITERAL_CONVERSION = YES;
				CLANG_WARN_OBJC_ROOT_CLASS = YES_ERROR;
				CLANG_WARN_RANGE_LOOP_ANALYSIS = YES;
				CLANG_WARN_STRICT_PROTOTYPES = YES;
				CLANG_WARN_SUSPICIOUS_MOVE = YES;
				CLANG_WARN_UNGUARDED_AVAILABILITY = YES_AGGRESSIVE;
				CLANG_WARN_UNREACHABLE_CODE = YES;
				CLANG_WARN__DUPLICATE_METHOD_MATCH = YES;
				CODE_SIGN_IDENTITY = "iPhone Developer";
				COPY_PHASE_STRIP = NO;
				DEBUG_INFORMATION_FORMAT = "dwarf-with-dsym";
				ENABLE_NS_ASSERTIONS = NO;
				ENABLE_STRICT_OBJC_MSGSEND = YES;
				GCC_C_LANGUAGE_STANDARD = gnu11;
				GCC_NO_COMMON_BLOCKS = YES;
				GCC_WARN_64_TO_32_BIT_CONVERSION = YES;
				GCC_WARN_ABOUT_RETURN_TYPE = YES_ERROR;
				GCC_WARN_UNDECLARED_SELECTOR = YES;
				GCC_WARN_UNINITIALIZED_AUTOS = YES_AGGRESSIVE;
				GCC_WARN_UNUSED_FUNCTION = YES;
				GCC_WARN_UNUSED_VARIABLE = YES;
				IPHONEOS_DEPLOYMENT_TARGET = 12.1;
				MTL_ENABLE_DEBUG_INFO = NO;
				MTL_FAST_MATH = YES;
				SDKROOT = iphoneos;
				SWIFT_COMPILATION_MODE = wholemodule;
				SWIFT_OPTIMIZATION_LEVEL = "-O";
				VALIDATE_PRODUCT = YES;
			};
			name = Release;
		};
		66E2C3E321FD5D60004DCA0B /* Debug */ = {
			isa = XCBuildConfiguration;
			buildSettings = {
				ASSETCATALOG_COMPILER_APPICON_NAME = AppIcon;
				CODE_SIGN_STYLE = Automatic;
				DEVELOPMENT_TEAM = 4VZ4T847T4;
				INFOPLIST_FILE = "Tip Calculator/Info.plist";
				LD_RUNPATH_SEARCH_PATHS = (
					"$(inherited)",
					"@executable_path/Frameworks",
				);
				PRODUCT_BUNDLE_IDENTIFIER = "com.baruch.Tip-Calculator";
				PRODUCT_NAME = "$(TARGET_NAME)";
				SWIFT_VERSION = 4.2;
				TARGETED_DEVICE_FAMILY = "1,2";
			};
			name = Debug;
		};
		66E2C3E421FD5D60004DCA0B /* Release */ = {
			isa = XCBuildConfiguration;
			buildSettings = {
				ASSETCATALOG_COMPILER_APPICON_NAME = AppIcon;
				CODE_SIGN_STYLE = Automatic;
				DEVELOPMENT_TEAM = 4VZ4T847T4;
				INFOPLIST_FILE = "Tip Calculator/Info.plist";
				LD_RUNPATH_SEARCH_PATHS = (
					"$(inherited)",
					"@executable_path/Frameworks",
				);
				PRODUCT_BUNDLE_IDENTIFIER = "com.baruch.Tip-Calculator";
				PRODUCT_NAME = "$(TARGET_NAME)";
				SWIFT_VERSION = 4.2;
				TARGETED_DEVICE_FAMILY = "1,2";
			};
			name = Release;
		};
		66E2C3E621FD5D60004DCA0B /* Debug */ = {
			isa = XCBuildConfiguration;
			buildSettings = {
				ALWAYS_EMBED_SWIFT_STANDARD_LIBRARIES = YES;
				BUNDLE_LOADER = "$(TEST_HOST)";
				CODE_SIGN_STYLE = Automatic;
				DEVELOPMENT_TEAM = 4VZ4T847T4;
				INFOPLIST_FILE = "Tip CalculatorTests/Info.plist";
				LD_RUNPATH_SEARCH_PATHS = (
					"$(inherited)",
					"@executable_path/Frameworks",
					"@loader_path/Frameworks",
				);
				PRODUCT_BUNDLE_IDENTIFIER = "com.baruch.Tip-CalculatorTests";
				PRODUCT_NAME = "$(TARGET_NAME)";
				SWIFT_VERSION = 4.2;
				TARGETED_DEVICE_FAMILY = "1,2";
				TEST_HOST = "$(BUILT_PRODUCTS_DIR)/Tip Calculator.app/Tip Calculator";
			};
			name = Debug;
		};
		66E2C3E721FD5D60004DCA0B /* Release */ = {
			isa = XCBuildConfiguration;
			buildSettings = {
				ALWAYS_EMBED_SWIFT_STANDARD_LIBRARIES = YES;
				BUNDLE_LOADER = "$(TEST_HOST)";
				CODE_SIGN_STYLE = Automatic;
				DEVELOPMENT_TEAM = 4VZ4T847T4;
				INFOPLIST_FILE = "Tip CalculatorTests/Info.plist";
				LD_RUNPATH_SEARCH_PATHS = (
					"$(inherited)",
					"@executable_path/Frameworks",
					"@loader_path/Frameworks",
				);
				PRODUCT_BUNDLE_IDENTIFIER = "com.baruch.Tip-CalculatorTests";
				PRODUCT_NAME = "$(TARGET_NAME)";
				SWIFT_VERSION = 4.2;
				TARGETED_DEVICE_FAMILY = "1,2";
				TEST_HOST = "$(BUILT_PRODUCTS_DIR)/Tip Calculator.app/Tip Calculator";
			};
			name = Release;
		};
		66E2C3E921FD5D60004DCA0B /* Debug */ = {
			isa = XCBuildConfiguration;
			buildSettings = {
				ALWAYS_EMBED_SWIFT_STANDARD_LIBRARIES = YES;
				CODE_SIGN_STYLE = Automatic;
				DEVELOPMENT_TEAM = 4VZ4T847T4;
				INFOPLIST_FILE = "Tip CalculatorUITests/Info.plist";
				LD_RUNPATH_SEARCH_PATHS = (
					"$(inherited)",
					"@executable_path/Frameworks",
					"@loader_path/Frameworks",
				);
				PRODUCT_BUNDLE_IDENTIFIER = "com.baruch.Tip-CalculatorUITests";
				PRODUCT_NAME = "$(TARGET_NAME)";
				SWIFT_VERSION = 4.2;
				TARGETED_DEVICE_FAMILY = "1,2";
				TEST_TARGET_NAME = "Tip Calculator";
			};
			name = Debug;
		};
		66E2C3EA21FD5D60004DCA0B /* Release */ = {
			isa = XCBuildConfiguration;
			buildSettings = {
				ALWAYS_EMBED_SWIFT_STANDARD_LIBRARIES = YES;
				CODE_SIGN_STYLE = Automatic;
				DEVELOPMENT_TEAM = 4VZ4T847T4;
				INFOPLIST_FILE = "Tip CalculatorUITests/Info.plist";
				LD_RUNPATH_SEARCH_PATHS = (
					"$(inherited)",
					"@executable_path/Frameworks",
					"@loader_path/Frameworks",
				);
				PRODUCT_BUNDLE_IDENTIFIER = "com.baruch.Tip-CalculatorUITests";
				PRODUCT_NAME = "$(TARGET_NAME)";
				SWIFT_VERSION = 4.2;
				TARGETED_DEVICE_FAMILY = "1,2";
				TEST_TARGET_NAME = "Tip Calculator";
			};
			name = Release;
		};
/* End XCBuildConfiguration section */

/* Begin XCConfigurationList section */
		66E2C3B521FD5D5A004DCA0B /* Build configuration list for PBXProject "Tip Calculator" */ = {
			isa = XCConfigurationList;
			buildConfigurations = (
				66E2C3E021FD5D60004DCA0B /* Debug */,
				66E2C3E121FD5D60004DCA0B /* Release */,
			);
			defaultConfigurationIsVisible = 0;
			defaultConfigurationName = Release;
		};
		66E2C3E221FD5D60004DCA0B /* Build configuration list for PBXNativeTarget "Tip Calculator" */ = {
			isa = XCConfigurationList;
			buildConfigurations = (
				66E2C3E321FD5D60004DCA0B /* Debug */,
				66E2C3E421FD5D60004DCA0B /* Release */,
			);
			defaultConfigurationIsVisible = 0;
			defaultConfigurationName = Release;
		};
		66E2C3E521FD5D60004DCA0B /* Build configuration list for PBXNativeTarget "Tip CalculatorTests" */ = {
			isa = XCConfigurationList;
			buildConfigurations = (
				66E2C3E621FD5D60004DCA0B /* Debug */,
				66E2C3E721FD5D60004DCA0B /* Release */,
			);
			defaultConfigurationIsVisible = 0;
			defaultConfigurationName = Release;
		};
		66E2C3E821FD5D60004DCA0B /* Build configuration list for PBXNativeTarget "Tip CalculatorUITests" */ = {
			isa = XCConfigurationList;
			buildConfigurations = (
				66E2C3E921FD5D60004DCA0B /* Debug */,
				66E2C3EA21FD5D60004DCA0B /* Release */,
			);
			defaultConfigurationIsVisible = 0;
			defaultConfigurationName = Release;
		};
/* End XCConfigurationList section */
	};
	rootObject = 66E2C3B221FD5D5A004DCA0B /* Project object */;
}
